
Microsoft Visual Studio Solution File, Format Version 12.00
# Visual Studio 15
VisualStudioVersion = 15.0.28307.136
MinimumVisualStudioVersion = 10.0.40219.1
Project("{9A19103F-16F7-4668-BE54-9A1E7A4F7556}") = "SyncHole.Core", "SyncHole.Core\SyncHole.Core.csproj", "{9667C611-E331-4DF1-82D4-C8DE4601B7EB}"
EndProject
Project("{9A19103F-16F7-4668-BE54-9A1E7A4F7556}") = "SyncHole.App", "SyncHole.App\SyncHole.App.csproj", "{EEBC2E54-7C5B-4438-BC94-84559045FDBA}"
EndProject
Project("{2150E333-8FDC-42A3-9474-1A3956D46DE8}") = "Solution Items", "Solution Items", "{A2AA2720-FF13-4594-8586-3493E39E945C}"
	ProjectSection(SolutionItems) = preProject
		README.md = README.md
	EndProjectSection
EndProject
Global
	GlobalSection(SolutionConfigurationPlatforms) = preSolution
		Debug|Any CPU = Debug|Any CPU
		Release|Any CPU = Release|Any CPU
	EndGlobalSection
	GlobalSection(ProjectConfigurationPlatforms) = postSolution
		{9667C611-E331-4DF1-82D4-C8DE4601B7EB}.Debug|Any CPU.ActiveCfg = Debug|Any CPU
		{9667C611-E331-4DF1-82D4-C8DE4601B7EB}.Debug|Any CPU.Build.0 = Debug|Any CPU
		{9667C611-E331-4DF1-82D4-C8DE4601B7EB}.Release|Any CPU.ActiveCfg = Release|Any CPU
		{9667C611-E331-4DF1-82D4-C8DE4601B7EB}.Release|Any CPU.Build.0 = Release|Any CPU
		{EEBC2E54-7C5B-4438-BC94-84559045FDBA}.Debug|Any CPU.ActiveCfg = Debug|Any CPU
		{EEBC2E54-7C5B-4438-BC94-84559045FDBA}.Debug|Any CPU.Build.0 = Debug|Any CPU
		{EEBC2E54-7C5B-4438-BC94-84559045FDBA}.Release|Any CPU.ActiveCfg = Release|Any CPU
		{EEBC2E54-7C5B-4438-BC94-84559045FDBA}.Release|Any CPU.Build.0 = Release|Any CPU
	EndGlobalSection
	GlobalSection(SolutionProperties) = preSolution
		HideSolutionNode = FALSE
	EndGlobalSection
	GlobalSection(ExtensibilityGlobals) = postSolution
		SolutionGuid = {273C4309-08F4-496D-80FF-B762455D61FA}
	EndGlobalSection
EndGlobal
